
Microsoft Visual Studio Solution File, Format Version 12.00
# Visual Studio Version 16
VisualStudioVersion = 16.0.30225.117
MinimumVisualStudioVersion = 10.0.40219.1
Project("{9A19103F-16F7-4668-BE54-9A1E7A4F7556}") = "Crash.Core", "Crash.Core\Crash.Core.csproj", "{F6134C33-82E7-4E78-98A7-D7378187EDEE}"
EndProject
Project("{9A19103F-16F7-4668-BE54-9A1E7A4F7556}") = "Crash.Core.UI", "Crash.Core.UI\Crash.Core.UI.csproj", "{AC249D23-7273-49FD-8C1A-41D3C06D2AAA}"
EndProject
Project("{9A19103F-16F7-4668-BE54-9A1E7A4F7556}") = "Crash.Editor.Engine.Model", "Crash.Editor.Engine.Model\Crash.Editor.Engine.Model.csproj", "{8292CAC0-41D2-43C5-8CD4-84DBD19E35EB}"
EndProject
Project("{9A19103F-16F7-4668-BE54-9A1E7A4F7556}") = "Crash.Editor.Engine.Presenter", "Crash.Editor.Engine.Presenter\Crash.Editor.Engine.Presenter.csproj", "{8CB4A3BE-A61A-4456-84FE-48E5D68D7402}"
EndProject
Project("{9A19103F-16F7-4668-BE54-9A1E7A4F7556}") = "Crash.Editor.Engine.View", "Crash.Editor.Engine.View\Crash.Editor.Engine.View.csproj", "{6E5BB333-FFCC-4353-92C8-6E0131AF30B6}"
EndProject
Project("{9A19103F-16F7-4668-BE54-9A1E7A4F7556}") = "Sample.WinForms.TextEditor", "Sample.WinForms.TextEditor\Sample.WinForms.TextEditor.csproj", "{217FAA1C-A98E-4DD9-AEF5-AD4CB07C6206}"
EndProject
Project("{9A19103F-16F7-4668-BE54-9A1E7A4F7556}") = "Sample.BlazorWasm.TextEditor", "Sample.BlazorWasm.TextEditor\Sample.BlazorWasm.TextEditor.csproj", "{5EC490E3-6C42-4204-8553-4A0CC91B8894}"
EndProject
Global
	GlobalSection(SolutionConfigurationPlatforms) = preSolution
		Debug|Any CPU = Debug|Any CPU
		Release|Any CPU = Release|Any CPU
	EndGlobalSection
	GlobalSection(ProjectConfigurationPlatforms) = postSolution
		{F6134C33-82E7-4E78-98A7-D7378187EDEE}.Debug|Any CPU.ActiveCfg = Debug|Any CPU
		{F6134C33-82E7-4E78-98A7-D7378187EDEE}.Debug|Any CPU.Build.0 = Debug|Any CPU
		{F6134C33-82E7-4E78-98A7-D7378187EDEE}.Release|Any CPU.ActiveCfg = Release|Any CPU
		{F6134C33-82E7-4E78-98A7-D7378187EDEE}.Release|Any CPU.Build.0 = Release|Any CPU
		{AC249D23-7273-49FD-8C1A-41D3C06D2AAA}.Debug|Any CPU.ActiveCfg = Debug|Any CPU
		{AC249D23-7273-49FD-8C1A-41D3C06D2AAA}.Debug|Any CPU.Build.0 = Debug|Any CPU
		{AC249D23-7273-49FD-8C1A-41D3C06D2AAA}.Release|Any CPU.ActiveCfg = Release|Any CPU
		{AC249D23-7273-49FD-8C1A-41D3C06D2AAA}.Release|Any CPU.Build.0 = Release|Any CPU
		{8292CAC0-41D2-43C5-8CD4-84DBD19E35EB}.Debug|Any CPU.ActiveCfg = Debug|Any CPU
		{8292CAC0-41D2-43C5-8CD4-84DBD19E35EB}.Debug|Any CPU.Build.0 = Debug|Any CPU
		{8292CAC0-41D2-43C5-8CD4-84DBD19E35EB}.Release|Any CPU.ActiveCfg = Release|Any CPU
		{8292CAC0-41D2-43C5-8CD4-84DBD19E35EB}.Release|Any CPU.Build.0 = Release|Any CPU
		{8CB4A3BE-A61A-4456-84FE-48E5D68D7402}.Debug|Any CPU.ActiveCfg = Debug|Any CPU
		{8CB4A3BE-A61A-4456-84FE-48E5D68D7402}.Debug|Any CPU.Build.0 = Debug|Any CPU
		{8CB4A3BE-A61A-4456-84FE-48E5D68D7402}.Release|Any CPU.ActiveCfg = Release|Any CPU
		{8CB4A3BE-A61A-4456-84FE-48E5D68D7402}.Release|Any CPU.Build.0 = Release|Any CPU
		{6E5BB333-FFCC-4353-92C8-6E0131AF30B6}.Debug|Any CPU.ActiveCfg = Debug|Any CPU
		{6E5BB333-FFCC-4353-92C8-6E0131AF30B6}.Debug|Any CPU.Build.0 = Debug|Any CPU
		{6E5BB333-FFCC-4353-92C8-6E0131AF30B6}.Release|Any CPU.ActiveCfg = Release|Any CPU
		{6E5BB333-FFCC-4353-92C8-6E0131AF30B6}.Release|Any CPU.Build.0 = Release|Any CPU
		{217FAA1C-A98E-4DD9-AEF5-AD4CB07C6206}.Debug|Any CPU.ActiveCfg = Debug|Any CPU
		{217FAA1C-A98E-4DD9-AEF5-AD4CB07C6206}.Debug|Any CPU.Build.0 = Debug|Any CPU
		{217FAA1C-A98E-4DD9-AEF5-AD4CB07C6206}.Release|Any CPU.ActiveCfg = Release|Any CPU
		{217FAA1C-A98E-4DD9-AEF5-AD4CB07C6206}.Release|Any CPU.Build.0 = Release|Any CPU
		{5EC490E3-6C42-4204-8553-4A0CC91B8894}.Debug|Any CPU.ActiveCfg = Debug|Any CPU
		{5EC490E3-6C42-4204-8553-4A0CC91B8894}.Debug|Any CPU.Build.0 = Debug|Any CPU
		{5EC490E3-6C42-4204-8553-4A0CC91B8894}.Release|Any CPU.ActiveCfg = Release|Any CPU
		{5EC490E3-6C42-4204-8553-4A0CC91B8894}.Release|Any CPU.Build.0 = Release|Any CPU
	EndGlobalSection
	GlobalSection(SolutionProperties) = preSolution
		HideSolutionNode = FALSE
	EndGlobalSection
	GlobalSection(ExtensibilityGlobals) = postSolution
		SolutionGuid = {C63F5AEA-A34C-46CC-88D6-13B86DDB59DB}
	EndGlobalSection
EndGlobal
